// !$*UTF8*$!
{
	archiveVersion = 1;
	classes = {
	};
	objectVersion = 56;
	objects = {

/* Begin PBXBuildFile section */
		EE3F90982B907BFA000C1698 /* Habit_TrackingApp.swift in Sources */ = {isa = PBXBuildFile; fileRef = EE3F90972B907BFA000C1698 /* Habit_TrackingApp.swift */; };
		EE3F909A2B907BFA000C1698 /* ContentView.swift in Sources */ = {isa = PBXBuildFile; fileRef = EE3F90992B907BFA000C1698 /* ContentView.swift */; };
		EE3F909C2B907BFB000C1698 /* Assets.xcassets in Resources */ = {isa = PBXBuildFile; fileRef = EE3F909B2B907BFB000C1698 /* Assets.xcassets */; };
		EE3F909F2B907BFB000C1698 /* Preview Assets.xcassets in Resources */ = {isa = PBXBuildFile; fileRef = EE3F909E2B907BFB000C1698 /* Preview Assets.xcassets */; };
		EE3F90A82B907C5C000C1698 /* Habit.swift in Sources */ = {isa = PBXBuildFile; fileRef = EE3F90A72B907C5C000C1698 /* Habit.swift */; };
		EE3F90AA2B909DF9000C1698 /* HabitMainScreenSmallView.swift in Sources */ = {isa = PBXBuildFile; fileRef = EE3F90A92B909DF9000C1698 /* HabitMainScreenSmallView.swift */; };
		EE3F90AC2B90AE72000C1698 /* HabitTrackerView.swift in Sources */ = {isa = PBXBuildFile; fileRef = EE3F90AB2B90AE72000C1698 /* HabitTrackerView.swift */; };
		EE3F90AE2B90AFC6000C1698 /* Constants.swift in Sources */ = {isa = PBXBuildFile; fileRef = EE3F90AD2B90AFC6000C1698 /* Constants.swift */; };
		EED7A8F22B91BF100032AB46 /* AddHabitSheetView.swift in Sources */ = {isa = PBXBuildFile; fileRef = EED7A8F12B91BF100032AB46 /* AddHabitSheetView.swift */; };
		EED7A8F42B91F4320032AB46 /* HabitDetailView.swift in Sources */ = {isa = PBXBuildFile; fileRef = EED7A8F32B91F4320032AB46 /* HabitDetailView.swift */; };
/* End PBXBuildFile section */

/* Begin PBXFileReference section */
		EE3F90942B907BFA000C1698 /* Habit-Tracking.app */ = {isa = PBXFileReference; explicitFileType = wrapper.application; includeInIndex = 0; path = "Habit-Tracking.app"; sourceTree = BUILT_PRODUCTS_DIR; };
		EE3F90972B907BFA000C1698 /* Habit_TrackingApp.swift */ = {isa = PBXFileReference; lastKnownFileType = sourcecode.swift; path = Habit_TrackingApp.swift; sourceTree = "<group>"; };
		EE3F90992B907BFA000C1698 /* ContentView.swift */ = {isa = PBXFileReference; lastKnownFileType = sourcecode.swift; path = ContentView.swift; sourceTree = "<group>"; };
		EE3F909B2B907BFB000C1698 /* Assets.xcassets */ = {isa = PBXFileReference; lastKnownFileType = folder.assetcatalog; path = Assets.xcassets; sourceTree = "<group>"; };
		EE3F909E2B907BFB000C1698 /* Preview Assets.xcassets */ = {isa = PBXFileReference; lastKnownFileType = folder.assetcatalog; path = "Preview Assets.xcassets"; sourceTree = "<group>"; };
		EE3F90A72B907C5C000C1698 /* Habit.swift */ = {isa = PBXFileReference; lastKnownFileType = sourcecode.swift; path = Habit.swift; sourceTree = "<group>"; };
		EE3F90A92B909DF9000C1698 /* HabitMainScreenSmallView.swift */ = {isa = PBXFileReference; lastKnownFileType = sourcecode.swift; path = HabitMainScreenSmallView.swift; sourceTree = "<group>"; };
		EE3F90AB2B90AE72000C1698 /* HabitTrackerView.swift */ = {isa = PBXFileReference; lastKnownFileType = sourcecode.swift; path = HabitTrackerView.swift; sourceTree = "<group>"; };
		EE3F90AD2B90AFC6000C1698 /* Constants.swift */ = {isa = PBXFileReference; lastKnownFileType = sourcecode.swift; path = Constants.swift; sourceTree = "<group>"; };
		EED7A8F12B91BF100032AB46 /* AddHabitSheetView.swift */ = {isa = PBXFileReference; lastKnownFileType = sourcecode.swift; path = AddHabitSheetView.swift; sourceTree = "<group>"; };
		EED7A8F32B91F4320032AB46 /* HabitDetailView.swift */ = {isa = PBXFileReference; lastKnownFileType = sourcecode.swift; path = HabitDetailView.swift; sourceTree = "<group>"; };
/* End PBXFileReference section */

/* Begin PBXFrameworksBuildPhase section */
		EE3F90912B907BFA000C1698 /* Frameworks */ = {
			isa = PBXFrameworksBuildPhase;
			buildActionMask = 2147483647;
			files = (
			);
			runOnlyForDeploymentPostprocessing = 0;
		};
/* End PBXFrameworksBuildPhase section */

/* Begin PBXGroup section */
		EE3F908B2B907BFA000C1698 = {
			isa = PBXGroup;
			children = (
				EE3F90962B907BFA000C1698 /* Habit-Tracking */,
				EE3F90952B907BFA000C1698 /* Products */,
			);
			sourceTree = "<group>";
		};
		EE3F90952B907BFA000C1698 /* Products */ = {
			isa = PBXGroup;
			children = (
				EE3F90942B907BFA000C1698 /* Habit-Tracking.app */,
			);
			name = Products;
			sourceTree = "<group>";
		};
		EE3F90962B907BFA000C1698 /* Habit-Tracking */ = {
			isa = PBXGroup;
			children = (
				EE3F90A62B907C45000C1698 /* Views */,
				EE3F90A52B907C3F000C1698 /* Model */,
				EE3F90972B907BFA000C1698 /* Habit_TrackingApp.swift */,
				EE3F90992B907BFA000C1698 /* ContentView.swift */,
				EE3F909B2B907BFB000C1698 /* Assets.xcassets */,
				EE3F909D2B907BFB000C1698 /* Preview Content */,
			);
			path = "Habit-Tracking";
			sourceTree = "<group>";
		};
		EE3F909D2B907BFB000C1698 /* Preview Content */ = {
			isa = PBXGroup;
			children = (
				EE3F909E2B907BFB000C1698 /* Preview Assets.xcassets */,
			);
			path = "Preview Content";
			sourceTree = "<group>";
		};
		EE3F90A52B907C3F000C1698 /* Model */ = {
			isa = PBXGroup;
			children = (
				EE3F90A72B907C5C000C1698 /* Habit.swift */,
				EE3F90AD2B90AFC6000C1698 /* Constants.swift */,
			);
			path = Model;
			sourceTree = "<group>";
		};
		EE3F90A62B907C45000C1698 /* Views */ = {
			isa = PBXGroup;
			children = (
				EE3F90A92B909DF9000C1698 /* HabitMainScreenSmallView.swift */,
				EE3F90AB2B90AE72000C1698 /* HabitTrackerView.swift */,
				EED7A8F12B91BF100032AB46 /* AddHabitSheetView.swift */,
				EED7A8F32B91F4320032AB46 /* HabitDetailView.swift */,
			);
			path = Views;
			sourceTree = "<group>";
		};
/* End PBXGroup section */

/* Begin PBXNativeTarget section */
		EE3F90932B907BFA000C1698 /* Habit-Tracking */ = {
			isa = PBXNativeTarget;
			buildConfigurationList = EE3F90A22B907BFB000C1698 /* Build configuration list for PBXNativeTarget "Habit-Tracking" */;
			buildPhases = (
				EE3F90902B907BFA000C1698 /* Sources */,
				EE3F90912B907BFA000C1698 /* Frameworks */,
				EE3F90922B907BFA000C1698 /* Resources */,
			);
			buildRules = (
			);
			dependencies = (
			);
			name = "Habit-Tracking";
			productName = "Habit-Tracking";
			productReference = EE3F90942B907BFA000C1698 /* Habit-Tracking.app */;
			productType = "com.apple.product-type.application";
		};
/* End PBXNativeTarget section */

/* Begin PBXProject section */
		EE3F908C2B907BFA000C1698 /* Project object */ = {
			isa = PBXProject;
			attributes = {
				BuildIndependentTargetsInParallel = 1;
				LastSwiftUpdateCheck = 1520;
				LastUpgradeCheck = 1520;
				TargetAttributes = {
					EE3F90932B907BFA000C1698 = {
						CreatedOnToolsVersion = 15.2;
					};
				};
			};
			buildConfigurationList = EE3F908F2B907BFA000C1698 /* Build configuration list for PBXProject "Habit-Tracking" */;
			compatibilityVersion = "Xcode 14.0";
			developmentRegion = en;
			hasScannedForEncodings = 0;
			knownRegions = (
				en,
				Base,
			);
			mainGroup = EE3F908B2B907BFA000C1698;
			productRefGroup = EE3F90952B907BFA000C1698 /* Products */;
			projectDirPath = "";
			projectRoot = "";
			targets = (
				EE3F90932B907BFA000C1698 /* Habit-Tracking */,
			);
		};
/* End PBXProject section */

/* Begin PBXResourcesBuildPhase section */
		EE3F90922B907BFA000C1698 /* Resources */ = {
			isa = PBXResourcesBuildPhase;
			buildActionMask = 2147483647;
			files = (
				EE3F909F2B907BFB000C1698 /* Preview Assets.xcassets in Resources */,
				EE3F909C2B907BFB000C1698 /* Assets.xcassets in Resources */,
			);
			runOnlyForDeploymentPostprocessing = 0;
		};
/* End PBXResourcesBuildPhase section */

/* Begin PBXSourcesBuildPhase section */
		EE3F90902B907BFA000C1698 /* Sources */ = {
			isa = PBXSourcesBuildPhase;
			buildActionMask = 2147483647;
			files = (
				EE3F90A82B907C5C000C1698 /* Habit.swift in Sources */,
				EE3F909A2B907BFA000C1698 /* ContentView.swift in Sources */,
				EED7A8F22B91BF100032AB46 /* AddHabitSheetView.swift in Sources */,
				EE3F90AC2B90AE72000C1698 /* HabitTrackerView.swift in Sources */,
				EE3F90AA2B909DF9000C1698 /* HabitMainScreenSmallView.swift in Sources */,
				EE3F90982B907BFA000C1698 /* Habit_TrackingApp.swift in Sources */,
				EED7A8F42B91F4320032AB46 /* HabitDetailView.swift in Sources */,
				EE3F90AE2B90AFC6000C1698 /* Constants.swift in Sources */,
			);
			runOnlyForDeploymentPostprocessing = 0;
		};
/* End PBXSourcesBuildPhase section */

/* Begin XCBuildConfiguration section */
		EE3F90A02B907BFB000C1698 /* Debug */ = {
			isa = XCBuildConfiguration;
			buildSettings = {
				ALWAYS_SEARCH_USER_PATHS = NO;
				ASSETCATALOG_COMPILER_GENERATE_SWIFT_ASSET_SYMBOL_EXTENSIONS = YES;
				CLANG_ANALYZER_NONNULL = YES;
				CLANG_ANALYZER_NUMBER_OBJECT_CONVERSION = YES_AGGRESSIVE;
				CLANG_CXX_LANGUAGE_STANDARD = "gnu++20";
				CLANG_ENABLE_MODULES = YES;
				CLANG_ENABLE_OBJC_ARC = YES;
				CLANG_ENABLE_OBJC_WEAK = YES;
				CLANG_WARN_BLOCK_CAPTURE_AUTORELEASING = YES;
				CLANG_WARN_BOOL_CONVERSION = YES;
				CLANG_WARN_COMMA = YES;
				CLANG_WARN_CONSTANT_CONVERSION = YES;
				CLANG_WARN_DEPRECATED_OBJC_IMPLEMENTATIONS = YES;
				CLANG_WARN_DIRECT_OBJC_ISA_USAGE = YES_ERROR;
				CLANG_WARN_DOCUMENTATION_COMMENTS = YES;
				CLANG_WARN_EMPTY_BODY = YES;
				CLANG_WARN_ENUM_CONVERSION = YES;
				CLANG_WARN_INFINITE_RECURSION = YES;
				CLANG_WARN_INT_CONVERSION = YES;
				CLANG_WARN_NON_LITERAL_NULL_CONVERSION = YES;
				CLANG_WARN_OBJC_IMPLICIT_RETAIN_SELF = YES;
				CLANG_WARN_OBJC_LITERAL_CONVERSION = YES;
				CLANG_WARN_OBJC_ROOT_CLASS = YES_ERROR;
				CLANG_WARN_QUOTED_INCLUDE_IN_FRAMEWORK_HEADER = YES;
				CLANG_WARN_RANGE_LOOP_ANALYSIS = YES;
				CLANG_WARN_STRICT_PROTOTYPES = YES;
				CLANG_WARN_SUSPICIOUS_MOVE = YES;
				CLANG_WARN_UNGUARDED_AVAILABILITY = YES_AGGRESSIVE;
				CLANG_WARN_UNREACHABLE_CODE = YES;
				CLANG_WARN__DUPLICATE_METHOD_MATCH = YES;
				COPY_PHASE_STRIP = NO;
				DEBUG_INFORMATION_FORMAT = dwarf;
				ENABLE_STRICT_OBJC_MSGSEND = YES;
				ENABLE_TESTABILITY = YES;
				ENABLE_USER_SCRIPT_SANDBOXING = YES;
				GCC_C_LANGUAGE_STANDARD = gnu17;
				GCC_DYNAMIC_NO_PIC = NO;
				GCC_NO_COMMON_BLOCKS = YES;
				GCC_OPTIMIZATION_LEVEL = 0;
				GCC_PREPROCESSOR_DEFINITIONS = (
					"DEBUG=1",
					"$(inherited)",
				);
				GCC_WARN_64_TO_32_BIT_CONVERSION = YES;
				GCC_WARN_ABOUT_RETURN_TYPE = YES_ERROR;
				GCC_WARN_UNDECLARED_SELECTOR = YES;
				GCC_WARN_UNINITIALIZED_AUTOS = YES_AGGRESSIVE;
				GCC_WARN_UNUSED_FUNCTION = YES;
				GCC_WARN_UNUSED_VARIABLE = YES;
				IPHONEOS_DEPLOYMENT_TARGET = 17.2;
				LOCALIZATION_PREFERS_STRING_CATALOGS = YES;
				MTL_ENABLE_DEBUG_INFO = INCLUDE_SOURCE;
				MTL_FAST_MATH = YES;
				ONLY_ACTIVE_ARCH = YES;
				SDKROOT = iphoneos;
				SWIFT_ACTIVE_COMPILATION_CONDITIONS = "DEBUG $(inherited)";
				SWIFT_OPTIMIZATION_LEVEL = "-Onone";
			};
			name = Debug;
		};
		EE3F90A12B907BFB000C1698 /* Release */ = {
			isa = XCBuildConfiguration;
			buildSettings = {
				ALWAYS_SEARCH_USER_PATHS = NO;
				ASSETCATALOG_COMPILER_GENERATE_SWIFT_ASSET_SYMBOL_EXTENSIONS = YES;
				CLANG_ANALYZER_NONNULL = YES;
				CLANG_ANALYZER_NUMBER_OBJECT_CONVERSION = YES_AGGRESSIVE;
				CLANG_CXX_LANGUAGE_STANDARD = "gnu++20";
				CLANG_ENABLE_MODULES = YES;
				CLANG_ENABLE_OBJC_ARC = YES;
				CLANG_ENABLE_OBJC_WEAK = YES;
				CLANG_WARN_BLOCK_CAPTURE_AUTORELEASING = YES;
				CLANG_WARN_BOOL_CONVERSION = YES;
				CLANG_WARN_COMMA = YES;
				CLANG_WARN_CONSTANT_CONVERSION = YES;
				CLANG_WARN_DEPRECATED_OBJC_IMPLEMENTATIONS = YES;
				CLANG_WARN_DIRECT_OBJC_ISA_USAGE = YES_ERROR;
				CLANG_WARN_DOCUMENTATION_COMMENTS = YES;
				CLANG_WARN_EMPTY_BODY = YES;
				CLANG_WARN_ENUM_CONVERSION = YES;
				CLANG_WARN_INFINITE_RECURSION = YES;
				CLANG_WARN_INT_CONVERSION = YES;
				CLANG_WARN_NON_LITERAL_NULL_CONVERSION = YES;
				CLANG_WARN_OBJC_IMPLICIT_RETAIN_SELF = YES;
				CLANG_WARN_OBJC_LITERAL_CONVERSION = YES;
				CLANG_WARN_OBJC_ROOT_CLASS = YES_ERROR;
				CLANG_WARN_QUOTED_INCLUDE_IN_FRAMEWORK_HEADER = YES;
				CLANG_WARN_RANGE_LOOP_ANALYSIS = YES;
				CLANG_WARN_STRICT_PROTOTYPES = YES;
				CLANG_WARN_SUSPICIOUS_MOVE = YES;
				CLANG_WARN_UNGUARDED_AVAILABILITY = YES_AGGRESSIVE;
				CLANG_WARN_UNREACHABLE_CODE = YES;
				CLANG_WARN__DUPLICATE_METHOD_MATCH = YES;
				COPY_PHASE_STRIP = NO;
				DEBUG_INFORMATION_FORMAT = "dwarf-with-dsym";
				ENABLE_NS_ASSERTIONS = NO;
				ENABLE_STRICT_OBJC_MSGSEND = YES;
				ENABLE_USER_SCRIPT_SANDBOXING = YES;
				GCC_C_LANGUAGE_STANDARD = gnu17;
				GCC_NO_COMMON_BLOCKS = YES;
				GCC_WARN_64_TO_32_BIT_CONVERSION = YES;
				GCC_WARN_ABOUT_RETURN_TYPE = YES_ERROR;
				GCC_WARN_UNDECLARED_SELECTOR = YES;
				GCC_WARN_UNINITIALIZED_AUTOS = YES_AGGRESSIVE;
				GCC_WARN_UNUSED_FUNCTION = YES;
				GCC_WARN_UNUSED_VARIABLE = YES;
				IPHONEOS_DEPLOYMENT_TARGET = 17.2;
				LOCALIZATION_PREFERS_STRING_CATALOGS = YES;
				MTL_ENABLE_DEBUG_INFO = NO;
				MTL_FAST_MATH = YES;
				SDKROOT = iphoneos;
				SWIFT_COMPILATION_MODE = wholemodule;
				VALIDATE_PRODUCT = YES;
			};
			name = Release;
		};
		EE3F90A32B907BFB000C1698 /* Debug */ = {
			isa = XCBuildConfiguration;
			buildSettings = {
				ASSETCATALOG_COMPILER_APPICON_NAME = AppIcon;
				ASSETCATALOG_COMPILER_GLOBAL_ACCENT_COLOR_NAME = AccentColor;
				CODE_SIGN_STYLE = Automatic;
				CURRENT_PROJECT_VERSION = 1;
				DEVELOPMENT_ASSET_PATHS = "\"Habit-Tracking/Preview Content\"";
				DEVELOPMENT_TEAM = S5ZBBP3832;
				ENABLE_PREVIEWS = YES;
				GENERATE_INFOPLIST_FILE = YES;
				INFOPLIST_KEY_UIApplicationSceneManifest_Generation = YES;
				INFOPLIST_KEY_UIApplicationSupportsIndirectInputEvents = YES;
				INFOPLIST_KEY_UILaunchScreen_Generation = YES;
				INFOPLIST_KEY_UISupportedInterfaceOrientations_iPad = "UIInterfaceOrientationPortrait UIInterfaceOrientationPortraitUpsideDown UIInterfaceOrientationLandscapeLeft UIInterfaceOrientationLandscapeRight";
				INFOPLIST_KEY_UISupportedInterfaceOrientations_iPhone = "UIInterfaceOrientationPortrait UIInterfaceOrientationLandscapeLeft UIInterfaceOrientationLandscapeRight";
				LD_RUNPATH_SEARCH_PATHS = (
					"$(inherited)",
					"@executable_path/Frameworks",
				);
				MARKETING_VERSION = 1.0;
				PRODUCT_BUNDLE_IDENTIFIER = "me.baytimur.ogulcan.Habit-Tracking";
				PRODUCT_NAME = "$(TARGET_NAME)";
				SWIFT_EMIT_LOC_STRINGS = YES;
				SWIFT_VERSION = 5.0;
				TARGETED_DEVICE_FAMILY = "1,2";
			};
			name = Debug;
		};
		EE3F90A42B907BFB000C1698 /* Release */ = {
			isa = XCBuildConfiguration;
			buildSettings = {
				ASSETCATALOG_COMPILER_APPICON_NAME = AppIcon;
				ASSETCATALOG_COMPILER_GLOBAL_ACCENT_COLOR_NAME = AccentColor;
				CODE_SIGN_STYLE = Automatic;
				CURRENT_PROJECT_VERSION = 1;
				DEVELOPMENT_ASSET_PATHS = "\"Habit-Tracking/Preview Content\"";
				DEVELOPMENT_TEAM = S5ZBBP3832;
				ENABLE_PREVIEWS = YES;
				GENERATE_INFOPLIST_FILE = YES;
				INFOPLIST_KEY_UIApplicationSceneManifest_Generation = YES;
				INFOPLIST_KEY_UIApplicationSupportsIndirectInputEvents = YES;
				INFOPLIST_KEY_UILaunchScreen_Generation = YES;
				INFOPLIST_KEY_UISupportedInterfaceOrientations_iPad = "UIInterfaceOrientationPortrait UIInterfaceOrientationPortraitUpsideDown UIInterfaceOrientationLandscapeLeft UIInterfaceOrientationLandscapeRight";
				INFOPLIST_KEY_UISupportedInterfaceOrientations_iPhone = "UIInterfaceOrientationPortrait UIInterfaceOrientationLandscapeLeft UIInterfaceOrientationLandscapeRight";
				LD_RUNPATH_SEARCH_PATHS = (
					"$(inherited)",
					"@executable_path/Frameworks",
				);
				MARKETING_VERSION = 1.0;
				PRODUCT_BUNDLE_IDENTIFIER = "me.baytimur.ogulcan.Habit-Tracking";
				PRODUCT_NAME = "$(TARGET_NAME)";
				SWIFT_EMIT_LOC_STRINGS = YES;
				SWIFT_VERSION = 5.0;
				TARGETED_DEVICE_FAMILY = "1,2";
			};
			name = Release;
		};
/* End XCBuildConfiguration section */

/* Begin XCConfigurationList section */
		EE3F908F2B907BFA000C1698 /* Build configuration list for PBXProject "Habit-Tracking" */ = {
			isa = XCConfigurationList;
			buildConfigurations = (
				EE3F90A02B907BFB000C1698 /* Debug */,
				EE3F90A12B907BFB000C1698 /* Release */,
			);
			defaultConfigurationIsVisible = 0;
			defaultConfigurationName = Release;
		};
		EE3F90A22B907BFB000C1698 /* Build configuration list for PBXNativeTarget "Habit-Tracking" */ = {
			isa = XCConfigurationList;
			buildConfigurations = (
				EE3F90A32B907BFB000C1698 /* Debug */,
				EE3F90A42B907BFB000C1698 /* Release */,
			);
			defaultConfigurationIsVisible = 0;
			defaultConfigurationName = Release;
		};
/* End XCConfigurationList section */
	};
	rootObject = EE3F908C2B907BFA000C1698 /* Project object */;
}
